
Microsoft Visual Studio Solution File, Format Version 12.00
# Visual Studio Version 16
VisualStudioVersion = 25.0.1706.14
MinimumVisualStudioVersion = 10.0.40219.1
Project("{FAE04EC0-301F-11D3-BF4B-00C04F79EFBC}") = "NBAPlayerStatsAPI", "NBAPlayerStatsAPI.csproj", "{EBA0720F-8E72-4644-8B18-AF6F6188F4C4}"
EndProject
Project("{FAE04EC0-301F-11D3-BF4B-00C04F79EFBC}") = "NBAPlayerStatsAPITests", "..\NBAPlayerStatsAPITests\NBAPlayerStatsAPITests.csproj", "{DFB5A0A3-E608-4FBD-A739-4DE65F963BE5}"
EndProject
Global
	GlobalSection(SolutionConfigurationPlatforms) = preSolution
		Debug|Any CPU = Debug|Any CPU
		Release|Any CPU = Release|Any CPU
	EndGlobalSection
	GlobalSection(ProjectConfigurationPlatforms) = postSolution
		{EBA0720F-8E72-4644-8B18-AF6F6188F4C4}.Debug|Any CPU.ActiveCfg = Debug|Any CPU
		{EBA0720F-8E72-4644-8B18-AF6F6188F4C4}.Debug|Any CPU.Build.0 = Debug|Any CPU
		{EBA0720F-8E72-4644-8B18-AF6F6188F4C4}.Release|Any CPU.ActiveCfg = Release|Any CPU
		{EBA0720F-8E72-4644-8B18-AF6F6188F4C4}.Release|Any CPU.Build.0 = Release|Any CPU
		{DFB5A0A3-E608-4FBD-A739-4DE65F963BE5}.Debug|Any CPU.ActiveCfg = Debug|Any CPU
		{DFB5A0A3-E608-4FBD-A739-4DE65F963BE5}.Debug|Any CPU.Build.0 = Debug|Any CPU
		{DFB5A0A3-E608-4FBD-A739-4DE65F963BE5}.Release|Any CPU.ActiveCfg = Release|Any CPU
		{DFB5A0A3-E608-4FBD-A739-4DE65F963BE5}.Release|Any CPU.Build.0 = Release|Any CPU
	EndGlobalSection
	GlobalSection(SolutionProperties) = preSolution
		HideSolutionNode = FALSE
	EndGlobalSection
	GlobalSection(ExtensibilityGlobals) = postSolution
		SolutionGuid = {4A46803C-1479-41D7-97F2-BE8F3F5ED8C8}
	EndGlobalSection
EndGlobal
